
Microsoft Visual Studio Solution File, Format Version 12.00
# Visual Studio Version 17
VisualStudioVersion = 17.3.32929.385
MinimumVisualStudioVersion = 10.0.40219.1
Project("{FAE04EC0-301F-11D3-BF4B-00C04F79EFBC}") = "CursoWindowsForms", "CursoWindowsForms\CursoWindowsForms.csproj", "{CAB93820-6524-496F-B4AE-DC54B4CBAFE8}"
EndProject
Project("{FAE04EC0-301F-11D3-BF4B-00C04F79EFBC}") = "cursoWindowsFormsBiblioteca", "cursoWindowsFormsBiblioteca\cursoWindowsFormsBiblioteca.csproj", "{8A8DEFD6-DA2F-4F97-823A-47A6877A1ADB}"
EndProject
Global
	GlobalSection(SolutionConfigurationPlatforms) = preSolution
		Debug|Any CPU = Debug|Any CPU
		Release|Any CPU = Release|Any CPU
	EndGlobalSection
	GlobalSection(ProjectConfigurationPlatforms) = postSolution
		{CAB93820-6524-496F-B4AE-DC54B4CBAFE8}.Debug|Any CPU.ActiveCfg = Debug|Any CPU
		{CAB93820-6524-496F-B4AE-DC54B4CBAFE8}.Debug|Any CPU.Build.0 = Debug|Any CPU
		{CAB93820-6524-496F-B4AE-DC54B4CBAFE8}.Release|Any CPU.ActiveCfg = Release|Any CPU
		{CAB93820-6524-496F-B4AE-DC54B4CBAFE8}.Release|Any CPU.Build.0 = Release|Any CPU
		{8A8DEFD6-DA2F-4F97-823A-47A6877A1ADB}.Debug|Any CPU.ActiveCfg = Debug|Any CPU
		{8A8DEFD6-DA2F-4F97-823A-47A6877A1ADB}.Debug|Any CPU.Build.0 = Debug|Any CPU
		{8A8DEFD6-DA2F-4F97-823A-47A6877A1ADB}.Release|Any CPU.ActiveCfg = Release|Any CPU
		{8A8DEFD6-DA2F-4F97-823A-47A6877A1ADB}.Release|Any CPU.Build.0 = Release|Any CPU
	EndGlobalSection
	GlobalSection(SolutionProperties) = preSolution
		HideSolutionNode = FALSE
	EndGlobalSection
	GlobalSection(ExtensibilityGlobals) = postSolution
		SolutionGuid = {84F0B608-9C42-49A4-80DE-74DBDB444CEC}
	EndGlobalSection
EndGlobal
